
Microsoft Visual Studio Solution File, Format Version 12.00
# Visual Studio Version 17
VisualStudioVersion = 17.11.35222.181
MinimumVisualStudioVersion = 10.0.40219.1
Project("{FAE04EC0-301F-11D3-BF4B-00C04F79EFBC}") = "SAOnlineMartAPI", "SAOnlineMartAPI.csproj", "{80C47731-1D0D-496B-AAED-E3FA590B64CF}"
EndProject
Global
	GlobalSection(SolutionConfigurationPlatforms) = preSolution
		Debug|Any CPU = Debug|Any CPU
		Release|Any CPU = Release|Any CPU
	EndGlobalSection
	GlobalSection(ProjectConfigurationPlatforms) = postSolution
		{80C47731-1D0D-496B-AAED-E3FA590B64CF}.Debug|Any CPU.ActiveCfg = Debug|Any CPU
		{80C47731-1D0D-496B-AAED-E3FA590B64CF}.Debug|Any CPU.Build.0 = Debug|Any CPU
		{80C47731-1D0D-496B-AAED-E3FA590B64CF}.Release|Any CPU.ActiveCfg = Release|Any CPU
		{80C47731-1D0D-496B-AAED-E3FA590B64CF}.Release|Any CPU.Build.0 = Release|Any CPU
	EndGlobalSection
	GlobalSection(SolutionProperties) = preSolution
		HideSolutionNode = FALSE
	EndGlobalSection
	GlobalSection(ExtensibilityGlobals) = postSolution
		SolutionGuid = {D3B8C33A-25AA-4DB9-8A4C-7F8FDE8C98A2}
	EndGlobalSection
EndGlobal
